github.com/imfing/hextra v0.8.2 h1:/IykSIAywgKfhKUBgAW+dCCjrJWJNny4jr9qvdXfch0=
github.com/imfing/hextra v0.8.2/go.mod h1:cEfel3lU/bSx7lTE/+uuR4GJaphyOyiwNR3PTqFTXpI=
github.com/imfing/hextra v0.8.4 h1:cR4asr0TeDlqHPHLdTpMQJOjVeXnq8nfLMzcF0pld+w=
github.com/imfing/hextra v0.8.4/go.mod h1:cEfel3lU/bSx7lTE/+uuR4GJaphyOyiwNR3PTqFTXpI=
github.com/mfg92/hugo-shortcode-gallery v1.3.0 h1:7wiUUu7adN3JbcshZfZ+Q0ZLDilPoGkquoor0ZcdJVU=
github.com/mfg92/hugo-shortcode-gallery v1.3.0/go.mod h1:SEdbeBGSMX2lP+4nCqqy9AyTWWktUMWXYnR3r1l01Rw=
github.com/nicokaiser/hugo-theme-gallery/v4 v4.2.5 h1:oWQpYYQLiGX+aTL214rapfKehHEJ+TAgWLTZQmBPBzY=
github.com/nicokaiser/hugo-theme-gallery/v4 v4.2.5/go.mod h1:oVtY67dE9NbaJw9jM4G5moHAcgT/UXxdcIQhs52KPoU=
